
Microsoft Visual Studio Solution File, Format Version 12.00
# Visual Studio Version 16
VisualStudioVersion = 16.0.28516.95
MinimumVisualStudioVersion = 15.0.26124.0
Project("{FAE04EC0-301F-11D3-BF4B-00C04F79EFBC}") = "Mic.CookBook.Web", "Mic.CookBook.Web\Mic.CookBook.Web.csproj", "{695428BF-EFC5-41AC-88AF-1F8CFACE830E}"
EndProject
Global
	GlobalSection(SolutionConfigurationPlatforms) = preSolution
		Debug|Any CPU = Debug|Any CPU
		Debug|x64 = Debug|x64
		Debug|x86 = Debug|x86
		Release|Any CPU = Release|Any CPU
		Release|x64 = Release|x64
		Release|x86 = Release|x86
	EndGlobalSection
	GlobalSection(ProjectConfigurationPlatforms) = postSolution
		{695428BF-EFC5-41AC-88AF-1F8CFACE830E}.Debug|Any CPU.ActiveCfg = Debug|Any CPU
		{695428BF-EFC5-41AC-88AF-1F8CFACE830E}.Debug|Any CPU.Build.0 = Debug|Any CPU
		{695428BF-EFC5-41AC-88AF-1F8CFACE830E}.Debug|x64.ActiveCfg = Debug|Any CPU
		{695428BF-EFC5-41AC-88AF-1F8CFACE830E}.Debug|x64.Build.0 = Debug|Any CPU
		{695428BF-EFC5-41AC-88AF-1F8CFACE830E}.Debug|x86.ActiveCfg = Debug|Any CPU
		{695428BF-EFC5-41AC-88AF-1F8CFACE830E}.Debug|x86.Build.0 = Debug|Any CPU
		{695428BF-EFC5-41AC-88AF-1F8CFACE830E}.Release|Any CPU.ActiveCfg = Release|Any CPU
		{695428BF-EFC5-41AC-88AF-1F8CFACE830E}.Release|Any CPU.Build.0 = Release|Any CPU
		{695428BF-EFC5-41AC-88AF-1F8CFACE830E}.Release|x64.ActiveCfg = Release|Any CPU
		{695428BF-EFC5-41AC-88AF-1F8CFACE830E}.Release|x64.Build.0 = Release|Any CPU
		{695428BF-EFC5-41AC-88AF-1F8CFACE830E}.Release|x86.ActiveCfg = Release|Any CPU
		{695428BF-EFC5-41AC-88AF-1F8CFACE830E}.Release|x86.Build.0 = Release|Any CPU
	EndGlobalSection
	GlobalSection(SolutionProperties) = preSolution
		HideSolutionNode = FALSE
	EndGlobalSection
	GlobalSection(ExtensibilityGlobals) = postSolution
		SolutionGuid = {A0E896EC-2335-498D-B0D2-40F36D662551}
	EndGlobalSection
EndGlobal
